
Microsoft Visual Studio Solution File, Format Version 12.00
# Visual Studio Version 17
VisualStudioVersion = 17.8.34525.116
MinimumVisualStudioVersion = 10.0.40219.1
Project("{FAE04EC0-301F-11D3-BF4B-00C04F79EFBC}") = "MoviesApi", "MoviesApi.csproj", "{DE019C55-BF81-4DDD-B0D9-B453C4CD4AC7}"
EndProject
Project("{FAE04EC0-301F-11D3-BF4B-00C04F79EFBC}") = "MoviesApi.Domain", "..\MoviesApi.Domain\MoviesApi.Domain.csproj", "{684521E3-ED08-42FB-9516-797BD2EDF645}"
EndProject
Project("{FAE04EC0-301F-11D3-BF4B-00C04F79EFBC}") = "MoviesApi.Application", "..\MoviesApi.Application\MoviesApi.Application.csproj", "{378652B0-ECEE-4F0B-82A5-4AA67C1217B5}"
EndProject
Project("{FAE04EC0-301F-11D3-BF4B-00C04F79EFBC}") = "MoviesApi.IoC", "..\MoviesApi.IoC\MoviesApi.IoC.csproj", "{275B065C-BF0A-4487-902D-333A811C7043}"
EndProject
Project("{FAE04EC0-301F-11D3-BF4B-00C04F79EFBC}") = "MoviesApi.Infrastructure", "..\MoviesApi.Infrastructure\MoviesApi.Infrastructure.csproj", "{E544D152-4495-43BC-8D4B-12AA328561CC}"
EndProject
Global
	GlobalSection(SolutionConfigurationPlatforms) = preSolution
		Debug|Any CPU = Debug|Any CPU
		Release|Any CPU = Release|Any CPU
	EndGlobalSection
	GlobalSection(ProjectConfigurationPlatforms) = postSolution
		{DE019C55-BF81-4DDD-B0D9-B453C4CD4AC7}.Debug|Any CPU.ActiveCfg = Debug|Any CPU
		{DE019C55-BF81-4DDD-B0D9-B453C4CD4AC7}.Debug|Any CPU.Build.0 = Debug|Any CPU
		{DE019C55-BF81-4DDD-B0D9-B453C4CD4AC7}.Release|Any CPU.ActiveCfg = Release|Any CPU
		{DE019C55-BF81-4DDD-B0D9-B453C4CD4AC7}.Release|Any CPU.Build.0 = Release|Any CPU
		{684521E3-ED08-42FB-9516-797BD2EDF645}.Debug|Any CPU.ActiveCfg = Debug|Any CPU
		{684521E3-ED08-42FB-9516-797BD2EDF645}.Debug|Any CPU.Build.0 = Debug|Any CPU
		{684521E3-ED08-42FB-9516-797BD2EDF645}.Release|Any CPU.ActiveCfg = Release|Any CPU
		{684521E3-ED08-42FB-9516-797BD2EDF645}.Release|Any CPU.Build.0 = Release|Any CPU
		{378652B0-ECEE-4F0B-82A5-4AA67C1217B5}.Debug|Any CPU.ActiveCfg = Debug|Any CPU
		{378652B0-ECEE-4F0B-82A5-4AA67C1217B5}.Debug|Any CPU.Build.0 = Debug|Any CPU
		{378652B0-ECEE-4F0B-82A5-4AA67C1217B5}.Release|Any CPU.ActiveCfg = Release|Any CPU
		{378652B0-ECEE-4F0B-82A5-4AA67C1217B5}.Release|Any CPU.Build.0 = Release|Any CPU
		{275B065C-BF0A-4487-902D-333A811C7043}.Debug|Any CPU.ActiveCfg = Debug|Any CPU
		{275B065C-BF0A-4487-902D-333A811C7043}.Debug|Any CPU.Build.0 = Debug|Any CPU
		{275B065C-BF0A-4487-902D-333A811C7043}.Release|Any CPU.ActiveCfg = Release|Any CPU
		{275B065C-BF0A-4487-902D-333A811C7043}.Release|Any CPU.Build.0 = Release|Any CPU
		{E544D152-4495-43BC-8D4B-12AA328561CC}.Debug|Any CPU.ActiveCfg = Debug|Any CPU
		{E544D152-4495-43BC-8D4B-12AA328561CC}.Debug|Any CPU.Build.0 = Debug|Any CPU
		{E544D152-4495-43BC-8D4B-12AA328561CC}.Release|Any CPU.ActiveCfg = Release|Any CPU
		{E544D152-4495-43BC-8D4B-12AA328561CC}.Release|Any CPU.Build.0 = Release|Any CPU
	EndGlobalSection
	GlobalSection(SolutionProperties) = preSolution
		HideSolutionNode = FALSE
	EndGlobalSection
	GlobalSection(ExtensibilityGlobals) = postSolution
		SolutionGuid = {5AA62BCD-D604-4AF8-8191-DFB9F8B9B88B}
	EndGlobalSection
EndGlobal
